{
  "pins" : [
    {
      "identity" : "pureyaml",
      "kind" : "remoteSourceControl",
      "location" : "https://github.com/mihaelamj/PureYAML.git",
      "state" : {
        "revision" : "5d76d184cb12c59c9787c9b482fd918605481729",
        "version" : "0.1.3"
      }
    }
  ],
  "version" : 2
}
